
Microsoft Visual Studio Solution File, Format Version 12.00
# Visual Studio Version 17
VisualStudioVersion = 17.0.32014.148
MinimumVisualStudioVersion = 10.0.40219.1
Project("{FAE04EC0-301F-11D3-BF4B-00C04F79EFBC}") = "Task1-Round", "Task1-Round\Task1-Round.csproj", "{846824D9-789F-477D-990E-361F8A9DB70F}"
EndProject
Global
	GlobalSection(SolutionConfigurationPlatforms) = preSolution
		Debug|Any CPU = Debug|Any CPU
		Release|Any CPU = Release|Any CPU
	EndGlobalSection
	GlobalSection(ProjectConfigurationPlatforms) = postSolution
		{846824D9-789F-477D-990E-361F8A9DB70F}.Debug|Any CPU.ActiveCfg = Debug|Any CPU
		{846824D9-789F-477D-990E-361F8A9DB70F}.Debug|Any CPU.Build.0 = Debug|Any CPU
		{846824D9-789F-477D-990E-361F8A9DB70F}.Release|Any CPU.ActiveCfg = Release|Any CPU
		{846824D9-789F-477D-990E-361F8A9DB70F}.Release|Any CPU.Build.0 = Release|Any CPU
	EndGlobalSection
	GlobalSection(SolutionProperties) = preSolution
		HideSolutionNode = FALSE
	EndGlobalSection
	GlobalSection(ExtensibilityGlobals) = postSolution
		SolutionGuid = {89855722-F058-4590-A82E-E5BD148BF885}
	EndGlobalSection
EndGlobal
