
Microsoft Visual Studio Solution File, Format Version 12.00
# Visual Studio Version 16
VisualStudioVersion = 16.0.810.21
MinimumVisualStudioVersion = 10.0.40219.1
Project("{FAE04EC0-301F-11D3-BF4B-00C04F79EFBC}") = "Library", "Library.csproj", "{DC9E84B5-0AFC-4377-93A3-B84981DD87AD}"
EndProject
Global
	GlobalSection(SolutionConfigurationPlatforms) = preSolution
		Debug|Any CPU = Debug|Any CPU
		Release|Any CPU = Release|Any CPU
	EndGlobalSection
	GlobalSection(ProjectConfigurationPlatforms) = postSolution
		{DC9E84B5-0AFC-4377-93A3-B84981DD87AD}.Debug|Any CPU.ActiveCfg = Debug|Any CPU
		{DC9E84B5-0AFC-4377-93A3-B84981DD87AD}.Debug|Any CPU.Build.0 = Debug|Any CPU
		{DC9E84B5-0AFC-4377-93A3-B84981DD87AD}.Release|Any CPU.ActiveCfg = Release|Any CPU
		{DC9E84B5-0AFC-4377-93A3-B84981DD87AD}.Release|Any CPU.Build.0 = Release|Any CPU
	EndGlobalSection
	GlobalSection(SolutionProperties) = preSolution
		HideSolutionNode = FALSE
	EndGlobalSection
	GlobalSection(ExtensibilityGlobals) = postSolution
		SolutionGuid = {03D08979-5942-463F-9BFC-B173D86CA314}
	EndGlobalSection
EndGlobal
