
Microsoft Visual Studio Solution File, Format Version 12.00
# Visual Studio Version 17
VisualStudioVersion = 17.0.32014.148
MinimumVisualStudioVersion = 10.0.40219.1
Project("{FAE04EC0-301F-11D3-BF4B-00C04F79EFBC}") = "task3", "task3.csproj", "{FFB3486C-0DCD-4B33-BDCA-430DDFDF2EDF}"
EndProject
Global
	GlobalSection(SolutionConfigurationPlatforms) = preSolution
		Debug|Any CPU = Debug|Any CPU
		Release|Any CPU = Release|Any CPU
	EndGlobalSection
	GlobalSection(ProjectConfigurationPlatforms) = postSolution
		{FFB3486C-0DCD-4B33-BDCA-430DDFDF2EDF}.Debug|Any CPU.ActiveCfg = Debug|Any CPU
		{FFB3486C-0DCD-4B33-BDCA-430DDFDF2EDF}.Debug|Any CPU.Build.0 = Debug|Any CPU
		{FFB3486C-0DCD-4B33-BDCA-430DDFDF2EDF}.Release|Any CPU.ActiveCfg = Release|Any CPU
		{FFB3486C-0DCD-4B33-BDCA-430DDFDF2EDF}.Release|Any CPU.Build.0 = Release|Any CPU
	EndGlobalSection
	GlobalSection(SolutionProperties) = preSolution
		HideSolutionNode = FALSE
	EndGlobalSection
	GlobalSection(ExtensibilityGlobals) = postSolution
		SolutionGuid = {4641A7D0-6622-437B-8894-DF1392005E1B}
	EndGlobalSection
EndGlobal
