
Microsoft Visual Studio Solution File, Format Version 12.00
# Visual Studio Version 17
VisualStudioVersion = 17.2.32519.379
MinimumVisualStudioVersion = 10.0.40219.1
Project("{FAE04EC0-301F-11D3-BF4B-00C04F79EFBC}") = "Singleton", "Singleton.csproj", "{7F134A1D-93D2-4BA8-ADD0-D3AFECC9C357}"
EndProject
Global
	GlobalSection(SolutionConfigurationPlatforms) = preSolution
		Debug|Any CPU = Debug|Any CPU
		Release|Any CPU = Release|Any CPU
	EndGlobalSection
	GlobalSection(ProjectConfigurationPlatforms) = postSolution
		{7F134A1D-93D2-4BA8-ADD0-D3AFECC9C357}.Debug|Any CPU.ActiveCfg = Debug|Any CPU
		{7F134A1D-93D2-4BA8-ADD0-D3AFECC9C357}.Debug|Any CPU.Build.0 = Debug|Any CPU
		{7F134A1D-93D2-4BA8-ADD0-D3AFECC9C357}.Release|Any CPU.ActiveCfg = Release|Any CPU
		{7F134A1D-93D2-4BA8-ADD0-D3AFECC9C357}.Release|Any CPU.Build.0 = Release|Any CPU
	EndGlobalSection
	GlobalSection(SolutionProperties) = preSolution
		HideSolutionNode = FALSE
	EndGlobalSection
	GlobalSection(ExtensibilityGlobals) = postSolution
		SolutionGuid = {21B721B2-3E28-4E35-829B-B667FCE691EE}
	EndGlobalSection
EndGlobal
