
Microsoft Visual Studio Solution File, Format Version 12.00
# Visual Studio Version 17
VisualStudioVersion = 17.4.33213.308
MinimumVisualStudioVersion = 10.0.40219.1
Project("{FAE04EC0-301F-11D3-BF4B-00C04F79EFBC}") = "WarehousesUI_task8", "WarehousesUI_task8.csproj", "{CFB9E379-FF00-4820-A1B0-52653EEB4041}"
EndProject
Global
	GlobalSection(SolutionConfigurationPlatforms) = preSolution
		Debug|Any CPU = Debug|Any CPU
		Release|Any CPU = Release|Any CPU
	EndGlobalSection
	GlobalSection(ProjectConfigurationPlatforms) = postSolution
		{CFB9E379-FF00-4820-A1B0-52653EEB4041}.Debug|Any CPU.ActiveCfg = Debug|Any CPU
		{CFB9E379-FF00-4820-A1B0-52653EEB4041}.Debug|Any CPU.Build.0 = Debug|Any CPU
		{CFB9E379-FF00-4820-A1B0-52653EEB4041}.Release|Any CPU.ActiveCfg = Release|Any CPU
		{CFB9E379-FF00-4820-A1B0-52653EEB4041}.Release|Any CPU.Build.0 = Release|Any CPU
	EndGlobalSection
	GlobalSection(SolutionProperties) = preSolution
		HideSolutionNode = FALSE
	EndGlobalSection
	GlobalSection(ExtensibilityGlobals) = postSolution
		SolutionGuid = {B1A8E995-DD54-4C13-B5B3-8AB992E36639}
	EndGlobalSection
EndGlobal
