
Microsoft Visual Studio Solution File, Format Version 12.00
# Visual Studio Version 17
VisualStudioVersion = 17.2.32505.173
MinimumVisualStudioVersion = 10.0.40219.1
Project("{FAE04EC0-301F-11D3-BF4B-00C04F79EFBC}") = "Graph1", "Graph1.csproj", "{7BBC543C-EC0B-4CCA-9B0D-140C56946344}"
EndProject
Global
	GlobalSection(SolutionConfigurationPlatforms) = preSolution
		Debug|Any CPU = Debug|Any CPU
		Release|Any CPU = Release|Any CPU
	EndGlobalSection
	GlobalSection(ProjectConfigurationPlatforms) = postSolution
		{7BBC543C-EC0B-4CCA-9B0D-140C56946344}.Debug|Any CPU.ActiveCfg = Debug|Any CPU
		{7BBC543C-EC0B-4CCA-9B0D-140C56946344}.Debug|Any CPU.Build.0 = Debug|Any CPU
		{7BBC543C-EC0B-4CCA-9B0D-140C56946344}.Release|Any CPU.ActiveCfg = Release|Any CPU
		{7BBC543C-EC0B-4CCA-9B0D-140C56946344}.Release|Any CPU.Build.0 = Release|Any CPU
	EndGlobalSection
	GlobalSection(SolutionProperties) = preSolution
		HideSolutionNode = FALSE
	EndGlobalSection
	GlobalSection(ExtensibilityGlobals) = postSolution
		SolutionGuid = {6556F285-67FF-4D8C-92DE-89A7E2B09796}
	EndGlobalSection
EndGlobal
